<?xml version="1.0" encoding="utf-8"?>
<Project ToolsVersion="4.0" xmlns="http://schemas.microsoft.com/developer/msbuild/2003">
  <ItemGroup>
    <Filter Include="Source Files">
      <UniqueIdentifier>{4FC737F1-C7A5-4376-A066-2A32D752A2FF}</UniqueIdentifier>
      <Extensions>cpp;c;cc;cxx;def;odl;idl;hpj;bat;asm;asmx</Extensions>
    </Filter>
    <Filter Include="Header Files">
      <UniqueIdentifier>{93995380-89BD-4b04-88EB-625FBE52EBFB}</UniqueIdentifier>
      <Extensions>h;hpp;hxx;hm;inl;inc;xsd</Extensions>
    </Filter>
    <Filter Include="Resource Files">
      <UniqueIdentifier>{67DA6AB6-F800-4c08-8B7A-83BB121AAD01}</UniqueIdentifier>
      <Extensions>rc;ico;cur;bmp;dlg;rc2;rct;bin;rgs;gif;jpg;jpeg;jpe;resx;tiff;tif;png;wav;mfcribbon-ms</Extensions>
    </Filter>
  </ItemGroup>
  <ItemGroup>
    <Text Include="ReadMe.txt" />
  </ItemGroup>
  <ItemGroup>
    <ClInclude Include="stdafx.h">
      <Filter>Header Files</Filter>
    </ClInclude>
    <ClInclude Include="targetver.h">
      <Filter>Header Files</Filter>
    </ClInclude>
    <ClInclude Include="Resource.h">
      <Filter>Header Files</Filter>
    </ClInclude>
    <ClInclude Include="siren.h">
      <Filter>Header Files</Filter>
    </ClInclude>
    <ClInclude Include="common.h">
      <Filter>Header Files</Filter>
    </ClInclude>
    <ClInclude Include="sWaveHeader.h">
      <Filter>Header Files</Filter>
    </ClInclude>
    <ClInclude Include="cHorn.h">
      <Filter>Header Files</Filter>
    </ClInclude>
    <ClInclude Include="cMeander.h">
      <Filter>Header Files</Filter>
    </ClInclude>
    <ClInclude Include="cWail.h">
      <Filter>Header Files</Filter>
    </ClInclude>
    <ClInclude Include="cSine.h">
      <Filter>Header Files</Filter>
    </ClInclude>
    <ClInclude Include="cFxButton.h">
      <Filter>Header Files</Filter>
    </ClInclude>
    <ClInclude Include="cFxHornButton.h">
      <Filter>Header Files</Filter>
    </ClInclude>
    <ClInclude Include="cFxStartButton.h">
      <Filter>Header Files</Filter>
    </ClInclude>
    <ClInclude Include="cFxButtonsContainer.h">
      <Filter>Header Files</Filter>
    </ClInclude>
    <ClInclude Include="cHiLo.h">
      <Filter>Header Files</Filter>
    </ClInclude>
    <ClInclude Include="remSnd.h">
      <Filter>Header Files</Filter>
    </ClInclude>
    <ClInclude Include="tstring.h">
      <Filter>Header Files</Filter>
    </ClInclude>
    <ClInclude Include="cFxManualButton.h">
      <Filter>Header Files</Filter>
    </ClInclude>
    <ClInclude Include="cShortEnd.h">
      <Filter>Header Files</Filter>
    </ClInclude>
    <ClInclude Include="cManual.h">
      <Filter>Header Files</Filter>
    </ClInclude>
    <ClInclude Include="cManualAscBuffer.h">
      <Filter>Header Files</Filter>
    </ClInclude>
    <ClInclude Include="cManualDescBuffer.h">
      <Filter>Header Files</Filter>
    </ClInclude>
    <ClInclude Include="cManualHighBuffer.h">
      <Filter>Header Files</Filter>
    </ClInclude>
    <ClInclude Include="cManualBufferCommon.h">
      <Filter>Header Files</Filter>
    </ClInclude>
    <ClInclude Include="cSettings.h">
      <Filter>Header Files</Filter>
    </ClInclude>
    <ClInclude Include="cStatusBar.h">
      <Filter>Header Files</Filter>
    </ClInclude>
    <ClInclude Include="cRestrictedVersion.h">
      <Filter>Header Files</Filter>
    </ClInclude>
    <ClInclude Include="cFxHiLoButton.h">
      <Filter>Header Files</Filter>
    </ClInclude>
    <ClInclude Include="cYelp2.h">
      <Filter>Header Files</Filter>
    </ClInclude>
    <ClInclude Include="cYelp1.h">
      <Filter>Header Files</Filter>
    </ClInclude>
    <ClInclude Include="cFxWailButton.h">
      <Filter>Header Files</Filter>
    </ClInclude>
    <ClInclude Include="cFast.h">
      <Filter>Header Files</Filter>
    </ClInclude>
    <ClInclude Include="cFxFastButton.h">
      <Filter>Header Files</Filter>
    </ClInclude>
    <ClInclude Include="cFxMediumButton.h">
      <Filter>Header Files</Filter>
    </ClInclude>
  </ItemGroup>
  <ItemGroup>
    <ClCompile Include="stdafx.cpp">
      <Filter>Source Files</Filter>
    </ClCompile>
    <ClCompile Include="siren.cpp">
      <Filter>Source Files</Filter>
    </ClCompile>
    <ClCompile Include="cHorn.cpp">
      <Filter>Source Files</Filter>
    </ClCompile>
    <ClCompile Include="cMeander.cpp">
      <Filter>Source Files</Filter>
    </ClCompile>
    <ClCompile Include="cWail.cpp">
      <Filter>Source Files</Filter>
    </ClCompile>
    <ClCompile Include="cSine.cpp">
      <Filter>Source Files</Filter>
    </ClCompile>
    <ClCompile Include="cFxButton.cpp">
      <Filter>Source Files</Filter>
    </ClCompile>
    <ClCompile Include="cFxStartButton.cpp">
      <Filter>Source Files</Filter>
    </ClCompile>
    <ClCompile Include="cFxButtonsContainer.cpp">
      <Filter>Source Files</Filter>
    </ClCompile>
    <ClCompile Include="cHiLo.cpp">
      <Filter>Source Files</Filter>
    </ClCompile>
    <ClCompile Include="remSnd.cpp">
      <Filter>Source Files</Filter>
    </ClCompile>
    <ClCompile Include="cFxManualButton.cpp">
      <Filter>Source Files</Filter>
    </ClCompile>
    <ClCompile Include="cShortEnd.cpp">
      <Filter>Source Files</Filter>
    </ClCompile>
    <ClCompile Include="cManual.cpp">
      <Filter>Source Files</Filter>
    </ClCompile>
    <ClCompile Include="cManualAscBuffer.cpp">
      <Filter>Source Files</Filter>
    </ClCompile>
    <ClCompile Include="cManualDescBuffer.cpp">
      <Filter>Source Files</Filter>
    </ClCompile>
    <ClCompile Include="cManualHighBuffer.cpp">
      <Filter>Source Files</Filter>
    </ClCompile>
    <ClCompile Include="cSettings.cpp">
      <Filter>Source Files</Filter>
    </ClCompile>
    <ClCompile Include="cStatusBar.cpp">
      <Filter>Source Files</Filter>
    </ClCompile>
    <ClCompile Include="cRestrictedVersion.cpp">
      <Filter>Source Files</Filter>
    </ClCompile>
    <ClCompile Include="cFxHiLoButton.cpp">
      <Filter>Source Files</Filter>
    </ClCompile>
    <ClCompile Include="cFxHornButton.cpp">
      <Filter>Source Files</Filter>
    </ClCompile>
    <ClCompile Include="cYelp2.cpp">
      <Filter>Source Files</Filter>
    </ClCompile>
    <ClCompile Include="cYelp1.cpp">
      <Filter>Source Files</Filter>
    </ClCompile>
    <ClCompile Include="cFxWailButton.cpp">
      <Filter>Source Files</Filter>
    </ClCompile>
    <ClCompile Include="cFast.cpp">
      <Filter>Source Files</Filter>
    </ClCompile>
    <ClCompile Include="cFxFastButton.cpp">
      <Filter>Source Files</Filter>
    </ClCompile>
    <ClCompile Include="cFxMediumButton.cpp">
      <Filter>Source Files</Filter>
    </ClCompile>
  </ItemGroup>
  <ItemGroup>
    <ResourceCompile Include="siren.rc">
      <Filter>Resource Files</Filter>
    </ResourceCompile>
  </ItemGroup>
  <ItemGroup>
    <Image Include="small.ico">
      <Filter>Resource Files</Filter>
    </Image>
    <Image Include="siren.ico">
      <Filter>Resource Files</Filter>
    </Image>
  </ItemGroup>
</Project>